
Microsoft Visual Studio Solution File, Format Version 12.00
# Visual Studio Version 17
VisualStudioVersion = 17.7.34024.191
MinimumVisualStudioVersion = 10.0.40219.1
Project("{8BC9CEB8-8B4A-11D0-8D11-00A0C91BC942}") = "1673", "1673.vcxproj", "{7B8FCC12-D53B-45FE-ABFE-58EB11086875}"
EndProject
Global
	GlobalSection(SolutionConfigurationPlatforms) = preSolution
		Debug|x64 = Debug|x64
		Debug|x86 = Debug|x86
		Release|x64 = Release|x64
		Release|x86 = Release|x86
	EndGlobalSection
	GlobalSection(ProjectConfigurationPlatforms) = postSolution
		{7B8FCC12-D53B-45FE-ABFE-58EB11086875}.Debug|x64.ActiveCfg = Debug|x64
		{7B8FCC12-D53B-45FE-ABFE-58EB11086875}.Debug|x64.Build.0 = Debug|x64
		{7B8FCC12-D53B-45FE-ABFE-58EB11086875}.Debug|x86.ActiveCfg = Debug|Win32
		{7B8FCC12-D53B-45FE-ABFE-58EB11086875}.Debug|x86.Build.0 = Debug|Win32
		{7B8FCC12-D53B-45FE-ABFE-58EB11086875}.Release|x64.ActiveCfg = Release|x64
		{7B8FCC12-D53B-45FE-ABFE-58EB11086875}.Release|x64.Build.0 = Release|x64
		{7B8FCC12-D53B-45FE-ABFE-58EB11086875}.Release|x86.ActiveCfg = Release|Win32
		{7B8FCC12-D53B-45FE-ABFE-58EB11086875}.Release|x86.Build.0 = Release|Win32
	EndGlobalSection
	GlobalSection(SolutionProperties) = preSolution
		HideSolutionNode = FALSE
	EndGlobalSection
	GlobalSection(ExtensibilityGlobals) = postSolution
		SolutionGuid = {1F1855AA-1653-4D88-BDB4-4FCBBD348D60}
	EndGlobalSection
EndGlobal
